
Microsoft Visual Studio Solution File, Format Version 12.00
# Visual Studio 2013
VisualStudioVersion = 12.0.30501.0
MinimumVisualStudioVersion = 10.0.40219.1
Project("{FAE04EC0-301F-11D3-BF4B-00C04F79EFBC}") = "EndecaTaxonomyTool", "EndecaTaxonomyTool\EndecaTaxonomyTool.csproj", "{F75D85E2-0848-4FCD-8FCF-797E65FB9EC5}"
EndProject
Project("{FAE04EC0-301F-11D3-BF4B-00C04F79EFBC}") = "EndecaDimensionAdapter", "EndecaDimensionAdapter\EndecaDimensionAdapter.csproj", "{01413693-2E34-44B7-8FD7-DDC08F7FA5D1}"
EndProject
Project("{FAE04EC0-301F-11D3-BF4B-00C04F79EFBC}") = "EndecaDimensionAdapter.Tests", "EndecaDimensionAdapter.Tests\EndecaDimensionAdapter.Tests.csproj", "{138B6384-448A-4AFF-BFC5-3764D60664C8}"
EndProject
Global
	GlobalSection(SolutionConfigurationPlatforms) = preSolution
		Debug|Any CPU = Debug|Any CPU
		Release|Any CPU = Release|Any CPU
	EndGlobalSection
	GlobalSection(ProjectConfigurationPlatforms) = postSolution
		{F75D85E2-0848-4FCD-8FCF-797E65FB9EC5}.Debug|Any CPU.ActiveCfg = Debug|Any CPU
		{F75D85E2-0848-4FCD-8FCF-797E65FB9EC5}.Debug|Any CPU.Build.0 = Debug|Any CPU
		{F75D85E2-0848-4FCD-8FCF-797E65FB9EC5}.Release|Any CPU.ActiveCfg = Release|Any CPU
		{F75D85E2-0848-4FCD-8FCF-797E65FB9EC5}.Release|Any CPU.Build.0 = Release|Any CPU
		{01413693-2E34-44B7-8FD7-DDC08F7FA5D1}.Debug|Any CPU.ActiveCfg = Debug|Any CPU
		{01413693-2E34-44B7-8FD7-DDC08F7FA5D1}.Debug|Any CPU.Build.0 = Debug|Any CPU
		{01413693-2E34-44B7-8FD7-DDC08F7FA5D1}.Release|Any CPU.ActiveCfg = Release|Any CPU
		{01413693-2E34-44B7-8FD7-DDC08F7FA5D1}.Release|Any CPU.Build.0 = Release|Any CPU
		{138B6384-448A-4AFF-BFC5-3764D60664C8}.Debug|Any CPU.ActiveCfg = Debug|Any CPU
		{138B6384-448A-4AFF-BFC5-3764D60664C8}.Debug|Any CPU.Build.0 = Debug|Any CPU
		{138B6384-448A-4AFF-BFC5-3764D60664C8}.Release|Any CPU.ActiveCfg = Release|Any CPU
		{138B6384-448A-4AFF-BFC5-3764D60664C8}.Release|Any CPU.Build.0 = Release|Any CPU
	EndGlobalSection
	GlobalSection(SolutionProperties) = preSolution
		HideSolutionNode = FALSE
	EndGlobalSection
EndGlobal
